
Microsoft Visual Studio Solution File, Format Version 12.00
# Visual Studio Version 17
VisualStudioVersion = 17.3.32929.385
MinimumVisualStudioVersion = 10.0.40219.1
Project("{FAE04EC0-301F-11D3-BF4B-00C04F79EFBC}") = "OlchaMVC", "OlchaMVC\OlchaMVC.csproj", "{FCD1F8A8-B6A7-4CC6-9C9D-C56A75083022}"
EndProject
Global
	GlobalSection(SolutionConfigurationPlatforms) = preSolution
		Debug|Any CPU = Debug|Any CPU
		Release|Any CPU = Release|Any CPU
	EndGlobalSection
	GlobalSection(ProjectConfigurationPlatforms) = postSolution
		{FCD1F8A8-B6A7-4CC6-9C9D-C56A75083022}.Debug|Any CPU.ActiveCfg = Debug|Any CPU
		{FCD1F8A8-B6A7-4CC6-9C9D-C56A75083022}.Debug|Any CPU.Build.0 = Debug|Any CPU
		{FCD1F8A8-B6A7-4CC6-9C9D-C56A75083022}.Release|Any CPU.ActiveCfg = Release|Any CPU
		{FCD1F8A8-B6A7-4CC6-9C9D-C56A75083022}.Release|Any CPU.Build.0 = Release|Any CPU
	EndGlobalSection
	GlobalSection(SolutionProperties) = preSolution
		HideSolutionNode = FALSE
	EndGlobalSection
	GlobalSection(ExtensibilityGlobals) = postSolution
		SolutionGuid = {04F709A4-F2BF-4D66-9CCE-1151F306CD5B}
	EndGlobalSection
EndGlobal
